// !$*UTF8*$!
{
	archiveVersion = 1;
	classes = {
	};
	objectVersion = 56;
	objects = {

/* Begin PBXBuildFile section */
		F709ED5F2B985DDD00DAE8BE /* AirbnbApp.swift in Sources */ = {isa = PBXBuildFile; fileRef = F709ED5E2B985DDD00DAE8BE /* AirbnbApp.swift */; };
		F709ED612B985DDD00DAE8BE /* ContentView.swift in Sources */ = {isa = PBXBuildFile; fileRef = F709ED602B985DDD00DAE8BE /* ContentView.swift */; };
		F709ED632B985DE000DAE8BE /* Assets.xcassets in Resources */ = {isa = PBXBuildFile; fileRef = F709ED622B985DE000DAE8BE /* Assets.xcassets */; };
		F709ED662B985DE000DAE8BE /* Preview Assets.xcassets in Resources */ = {isa = PBXBuildFile; fileRef = F709ED652B985DE000DAE8BE /* Preview Assets.xcassets */; };
		F709ED7B2B985F8200DAE8BE /* ExploreView.swift in Sources */ = {isa = PBXBuildFile; fileRef = F709ED7A2B985F8200DAE8BE /* ExploreView.swift */; };
		F709ED7D2B9860DC00DAE8BE /* ListingItemView.swift in Sources */ = {isa = PBXBuildFile; fileRef = F709ED7C2B9860DC00DAE8BE /* ListingItemView.swift */; };
		F709ED7F2B986AA100DAE8BE /* SearchAndFilterBar.swift in Sources */ = {isa = PBXBuildFile; fileRef = F709ED7E2B986AA100DAE8BE /* SearchAndFilterBar.swift */; };
		F709ED822B98724E00DAE8BE /* ListingImageCarouselView.swift in Sources */ = {isa = PBXBuildFile; fileRef = F709ED812B98724E00DAE8BE /* ListingImageCarouselView.swift */; };
		F709ED842B98734A00DAE8BE /* ListingDetailView.swift in Sources */ = {isa = PBXBuildFile; fileRef = F709ED832B98734A00DAE8BE /* ListingDetailView.swift */; };
		F7CA90A22B98F2A400F4A028 /* DestinationSearchView.swift in Sources */ = {isa = PBXBuildFile; fileRef = F7CA90A12B98F2A400F4A028 /* DestinationSearchView.swift */; };
		F7CA90A42B999C5D00F4A028 /* ProfileView.swift in Sources */ = {isa = PBXBuildFile; fileRef = F7CA90A32B999C5D00F4A028 /* ProfileView.swift */; };
		F7CA90A62B999F5000F4A028 /* ProfileOptionRawView.swift in Sources */ = {isa = PBXBuildFile; fileRef = F7CA90A52B999F5000F4A028 /* ProfileOptionRawView.swift */; };
		F7CA90A82B99A22A00F4A028 /* WishListView.swift in Sources */ = {isa = PBXBuildFile; fileRef = F7CA90A72B99A22A00F4A028 /* WishListView.swift */; };
		F7CA90AA2B99A3AA00F4A028 /* MainTabView.swift in Sources */ = {isa = PBXBuildFile; fileRef = F7CA90A92B99A3AA00F4A028 /* MainTabView.swift */; };
		F7CA90AF2B99D15F00F4A028 /* Listing.swift in Sources */ = {isa = PBXBuildFile; fileRef = F7CA90AE2B99D15F00F4A028 /* Listing.swift */; };
		F7CA90B12B99D99100F4A028 /* DeveloperPreview.swift in Sources */ = {isa = PBXBuildFile; fileRef = F7CA90B02B99D99100F4A028 /* DeveloperPreview.swift */; };
		F7CA90B62B99EB5C00F4A028 /* ExploreViewModel.swift in Sources */ = {isa = PBXBuildFile; fileRef = F7CA90B52B99EB5C00F4A028 /* ExploreViewModel.swift */; };
		F7CA90B82B99EBCA00F4A028 /* ExploreService.swift in Sources */ = {isa = PBXBuildFile; fileRef = F7CA90B72B99EBCA00F4A028 /* ExploreService.swift */; };
		F7CA90BA2B99FCE900F4A028 /* Regions.swift in Sources */ = {isa = PBXBuildFile; fileRef = F7CA90B92B99FCE900F4A028 /* Regions.swift */; };
/* End PBXBuildFile section */

/* Begin PBXFileReference section */
		F709ED5B2B985DDD00DAE8BE /* Airbnb.app */ = {isa = PBXFileReference; explicitFileType = wrapper.application; includeInIndex = 0; path = Airbnb.app; sourceTree = BUILT_PRODUCTS_DIR; };
		F709ED5E2B985DDD00DAE8BE /* AirbnbApp.swift */ = {isa = PBXFileReference; lastKnownFileType = sourcecode.swift; path = AirbnbApp.swift; sourceTree = "<group>"; };
		F709ED602B985DDD00DAE8BE /* ContentView.swift */ = {isa = PBXFileReference; lastKnownFileType = sourcecode.swift; path = ContentView.swift; sourceTree = "<group>"; };
		F709ED622B985DE000DAE8BE /* Assets.xcassets */ = {isa = PBXFileReference; lastKnownFileType = folder.assetcatalog; path = Assets.xcassets; sourceTree = "<group>"; };
		F709ED652B985DE000DAE8BE /* Preview Assets.xcassets */ = {isa = PBXFileReference; lastKnownFileType = folder.assetcatalog; path = "Preview Assets.xcassets"; sourceTree = "<group>"; };
		F709ED7A2B985F8200DAE8BE /* ExploreView.swift */ = {isa = PBXFileReference; lastKnownFileType = sourcecode.swift; path = ExploreView.swift; sourceTree = "<group>"; };
		F709ED7C2B9860DC00DAE8BE /* ListingItemView.swift */ = {isa = PBXFileReference; lastKnownFileType = sourcecode.swift; path = ListingItemView.swift; sourceTree = "<group>"; };
		F709ED7E2B986AA100DAE8BE /* SearchAndFilterBar.swift */ = {isa = PBXFileReference; lastKnownFileType = sourcecode.swift; path = SearchAndFilterBar.swift; sourceTree = "<group>"; };
		F709ED812B98724E00DAE8BE /* ListingImageCarouselView.swift */ = {isa = PBXFileReference; lastKnownFileType = sourcecode.swift; path = ListingImageCarouselView.swift; sourceTree = "<group>"; };
		F709ED832B98734A00DAE8BE /* ListingDetailView.swift */ = {isa = PBXFileReference; lastKnownFileType = sourcecode.swift; path = ListingDetailView.swift; sourceTree = "<group>"; };
		F7CA90A12B98F2A400F4A028 /* DestinationSearchView.swift */ = {isa = PBXFileReference; lastKnownFileType = sourcecode.swift; path = DestinationSearchView.swift; sourceTree = "<group>"; };
		F7CA90A32B999C5D00F4A028 /* ProfileView.swift */ = {isa = PBXFileReference; lastKnownFileType = sourcecode.swift; path = ProfileView.swift; sourceTree = "<group>"; };
		F7CA90A52B999F5000F4A028 /* ProfileOptionRawView.swift */ = {isa = PBXFileReference; lastKnownFileType = sourcecode.swift; path = ProfileOptionRawView.swift; sourceTree = "<group>"; };
		F7CA90A72B99A22A00F4A028 /* WishListView.swift */ = {isa = PBXFileReference; lastKnownFileType = sourcecode.swift; path = WishListView.swift; sourceTree = "<group>"; };
		F7CA90A92B99A3AA00F4A028 /* MainTabView.swift */ = {isa = PBXFileReference; lastKnownFileType = sourcecode.swift; name = MainTabView.swift; path = Airbnb/Core/Wishlists/MainTabView.swift; sourceTree = SOURCE_ROOT; };
		F7CA90AE2B99D15F00F4A028 /* Listing.swift */ = {isa = PBXFileReference; lastKnownFileType = sourcecode.swift; path = Listing.swift; sourceTree = "<group>"; };
		F7CA90B02B99D99100F4A028 /* DeveloperPreview.swift */ = {isa = PBXFileReference; lastKnownFileType = sourcecode.swift; path = DeveloperPreview.swift; sourceTree = "<group>"; };
		F7CA90B52B99EB5C00F4A028 /* ExploreViewModel.swift */ = {isa = PBXFileReference; lastKnownFileType = sourcecode.swift; path = ExploreViewModel.swift; sourceTree = "<group>"; };
		F7CA90B72B99EBCA00F4A028 /* ExploreService.swift */ = {isa = PBXFileReference; lastKnownFileType = sourcecode.swift; path = ExploreService.swift; sourceTree = "<group>"; };
		F7CA90B92B99FCE900F4A028 /* Regions.swift */ = {isa = PBXFileReference; lastKnownFileType = sourcecode.swift; path = Regions.swift; sourceTree = "<group>"; };
/* End PBXFileReference section */

/* Begin PBXFrameworksBuildPhase section */
		F709ED582B985DDD00DAE8BE /* Frameworks */ = {
			isa = PBXFrameworksBuildPhase;
			buildActionMask = 2147483647;
			files = (
			);
			runOnlyForDeploymentPostprocessing = 0;
		};
/* End PBXFrameworksBuildPhase section */

/* Begin PBXGroup section */
		F709ED522B985DDD00DAE8BE = {
			isa = PBXGroup;
			children = (
				F709ED5D2B985DDD00DAE8BE /* Airbnb */,
				F709ED5C2B985DDD00DAE8BE /* Products */,
			);
			sourceTree = "<group>";
		};
		F709ED5C2B985DDD00DAE8BE /* Products */ = {
			isa = PBXGroup;
			children = (
				F709ED5B2B985DDD00DAE8BE /* Airbnb.app */,
			);
			name = Products;
			sourceTree = "<group>";
		};
		F709ED5D2B985DDD00DAE8BE /* Airbnb */ = {
			isa = PBXGroup;
			children = (
				F709ED802B98721200DAE8BE /* Components */,
				F709ED6F2B985DFF00DAE8BE /* App */,
				F709ED6E2B985DFD00DAE8BE /* Core */,
				F709ED6C2B985DF200DAE8BE /* Extensions */,
				F709ED712B985E6700DAE8BE /* Models */,
				F709ED702B985E1C00DAE8BE /* Utils */,
				F709ED5E2B985DDD00DAE8BE /* AirbnbApp.swift */,
				F709ED602B985DDD00DAE8BE /* ContentView.swift */,
				F709ED622B985DE000DAE8BE /* Assets.xcassets */,
				F709ED642B985DE000DAE8BE /* Preview Content */,
			);
			path = Airbnb;
			sourceTree = "<group>";
		};
		F709ED642B985DE000DAE8BE /* Preview Content */ = {
			isa = PBXGroup;
			children = (
				F709ED652B985DE000DAE8BE /* Preview Assets.xcassets */,
			);
			path = "Preview Content";
			sourceTree = "<group>";
		};
		F709ED6C2B985DF200DAE8BE /* Extensions */ = {
			isa = PBXGroup;
			children = (
				F7CA90B02B99D99100F4A028 /* DeveloperPreview.swift */,
				F7CA90B92B99FCE900F4A028 /* Regions.swift */,
			);
			path = Extensions;
			sourceTree = "<group>";
		};
		F709ED6E2B985DFD00DAE8BE /* Core */ = {
			isa = PBXGroup;
			children = (
				F709ED782B985EC500DAE8BE /* Expleore */,
				F709ED772B985EC400DAE8BE /* Listings */,
				F709ED762B985EAA00DAE8BE /* MapView */,
				F709ED752B985EA800DAE8BE /* Profile */,
				F709ED722B985E9C00DAE8BE /* Root */,
				F709ED732B985E9E00DAE8BE /* TabBar */,
				F709ED742B985EA600DAE8BE /* Wishlists */,
			);
			path = Core;
			sourceTree = "<group>";
		};
		F709ED6F2B985DFF00DAE8BE /* App */ = {
			isa = PBXGroup;
			children = (
			);
			path = App;
			sourceTree = "<group>";
		};
		F709ED702B985E1C00DAE8BE /* Utils */ = {
			isa = PBXGroup;
			children = (
			);
			path = Utils;
			sourceTree = "<group>";
		};
		F709ED712B985E6700DAE8BE /* Models */ = {
			isa = PBXGroup;
			children = (
			);
			path = Models;
			sourceTree = "<group>";
		};
		F709ED722B985E9C00DAE8BE /* Root */ = {
			isa = PBXGroup;
			children = (
			);
			path = Root;
			sourceTree = "<group>";
		};
		F709ED732B985E9E00DAE8BE /* TabBar */ = {
			isa = PBXGroup;
			children = (
				F7CA90A92B99A3AA00F4A028 /* MainTabView.swift */,
			);
			name = TabBar;
			path = "New Group/TabBar";
			sourceTree = "<group>";
		};
		F709ED742B985EA600DAE8BE /* Wishlists */ = {
			isa = PBXGroup;
			children = (
				F7CA90A72B99A22A00F4A028 /* WishListView.swift */,
			);
			path = Wishlists;
			sourceTree = "<group>";
		};
		F709ED752B985EA800DAE8BE /* Profile */ = {
			isa = PBXGroup;
			children = (
				F7CA90A32B999C5D00F4A028 /* ProfileView.swift */,
				F7CA90A52B999F5000F4A028 /* ProfileOptionRawView.swift */,
			);
			path = Profile;
			sourceTree = "<group>";
		};
		F709ED762B985EAA00DAE8BE /* MapView */ = {
			isa = PBXGroup;
			children = (
			);
			name = MapView;
			path = "New Group2/MapView";
			sourceTree = "<group>";
		};
		F709ED772B985EC400DAE8BE /* Listings */ = {
			isa = PBXGroup;
			children = (
				F7CA90AB2B99D12800F4A028 /* Model */,
				F7CA90AD2B99D14500F4A028 /* View */,
			);
			path = Listings;
			sourceTree = "<group>";
		};
		F709ED782B985EC500DAE8BE /* Expleore */ = {
			isa = PBXGroup;
			children = (
				F7CA90B42B99EAE700F4A028 /* Service */,
				F7CA90B32B99EAE500F4A028 /* View */,
				F7CA90B22B99EAE200F4A028 /* ViewModel */,
			);
			path = Expleore;
			sourceTree = "<group>";
		};
		F709ED802B98721200DAE8BE /* Components */ = {
			isa = PBXGroup;
			children = (
				F709ED812B98724E00DAE8BE /* ListingImageCarouselView.swift */,
			);
			path = Components;
			sourceTree = "<group>";
		};
		F7CA90AB2B99D12800F4A028 /* Model */ = {
			isa = PBXGroup;
			children = (
				F7CA90AE2B99D15F00F4A028 /* Listing.swift */,
			);
			path = Model;
			sourceTree = "<group>";
		};
		F7CA90AD2B99D14500F4A028 /* View */ = {
			isa = PBXGroup;
			children = (
				F709ED7C2B9860DC00DAE8BE /* ListingItemView.swift */,
				F709ED832B98734A00DAE8BE /* ListingDetailView.swift */,
			);
			path = View;
			sourceTree = "<group>";
		};
		F7CA90B22B99EAE200F4A028 /* ViewModel */ = {
			isa = PBXGroup;
			children = (
				F7CA90B52B99EB5C00F4A028 /* ExploreViewModel.swift */,
			);
			path = ViewModel;
			sourceTree = "<group>";
		};
		F7CA90B32B99EAE500F4A028 /* View */ = {
			isa = PBXGroup;
			children = (
				F709ED7A2B985F8200DAE8BE /* ExploreView.swift */,
				F7CA90A12B98F2A400F4A028 /* DestinationSearchView.swift */,
				F709ED7E2B986AA100DAE8BE /* SearchAndFilterBar.swift */,
			);
			path = View;
			sourceTree = "<group>";
		};
		F7CA90B42B99EAE700F4A028 /* Service */ = {
			isa = PBXGroup;
			children = (
				F7CA90B72B99EBCA00F4A028 /* ExploreService.swift */,
			);
			path = Service;
			sourceTree = "<group>";
		};
/* End PBXGroup section */

/* Begin PBXNativeTarget section */
		F709ED5A2B985DDD00DAE8BE /* Airbnb */ = {
			isa = PBXNativeTarget;
			buildConfigurationList = F709ED692B985DE000DAE8BE /* Build configuration list for PBXNativeTarget "Airbnb" */;
			buildPhases = (
				F709ED572B985DDD00DAE8BE /* Sources */,
				F709ED582B985DDD00DAE8BE /* Frameworks */,
				F709ED592B985DDD00DAE8BE /* Resources */,
			);
			buildRules = (
			);
			dependencies = (
			);
			name = Airbnb;
			productName = Airbnb;
			productReference = F709ED5B2B985DDD00DAE8BE /* Airbnb.app */;
			productType = "com.apple.product-type.application";
		};
/* End PBXNativeTarget section */

/* Begin PBXProject section */
		F709ED532B985DDD00DAE8BE /* Project object */ = {
			isa = PBXProject;
			attributes = {
				BuildIndependentTargetsInParallel = 1;
				LastSwiftUpdateCheck = 1520;
				LastUpgradeCheck = 1520;
				TargetAttributes = {
					F709ED5A2B985DDD00DAE8BE = {
						CreatedOnToolsVersion = 15.2;
					};
				};
			};
			buildConfigurationList = F709ED562B985DDD00DAE8BE /* Build configuration list for PBXProject "Airbnb" */;
			compatibilityVersion = "Xcode 14.0";
			developmentRegion = en;
			hasScannedForEncodings = 0;
			knownRegions = (
				en,
				Base,
			);
			mainGroup = F709ED522B985DDD00DAE8BE;
			productRefGroup = F709ED5C2B985DDD00DAE8BE /* Products */;
			projectDirPath = "";
			projectRoot = "";
			targets = (
				F709ED5A2B985DDD00DAE8BE /* Airbnb */,
			);
		};
/* End PBXProject section */

/* Begin PBXResourcesBuildPhase section */
		F709ED592B985DDD00DAE8BE /* Resources */ = {
			isa = PBXResourcesBuildPhase;
			buildActionMask = 2147483647;
			files = (
				F709ED662B985DE000DAE8BE /* Preview Assets.xcassets in Resources */,
				F709ED632B985DE000DAE8BE /* Assets.xcassets in Resources */,
			);
			runOnlyForDeploymentPostprocessing = 0;
		};
/* End PBXResourcesBuildPhase section */

/* Begin PBXSourcesBuildPhase section */
		F709ED572B985DDD00DAE8BE /* Sources */ = {
			isa = PBXSourcesBuildPhase;
			buildActionMask = 2147483647;
			files = (
				F709ED612B985DDD00DAE8BE /* ContentView.swift in Sources */,
				F7CA90A42B999C5D00F4A028 /* ProfileView.swift in Sources */,
				F7CA90A22B98F2A400F4A028 /* DestinationSearchView.swift in Sources */,
				F709ED7D2B9860DC00DAE8BE /* ListingItemView.swift in Sources */,
				F709ED7B2B985F8200DAE8BE /* ExploreView.swift in Sources */,
				F709ED822B98724E00DAE8BE /* ListingImageCarouselView.swift in Sources */,
				F7CA90B62B99EB5C00F4A028 /* ExploreViewModel.swift in Sources */,
				F7CA90BA2B99FCE900F4A028 /* Regions.swift in Sources */,
				F7CA90A62B999F5000F4A028 /* ProfileOptionRawView.swift in Sources */,
				F7CA90AF2B99D15F00F4A028 /* Listing.swift in Sources */,
				F7CA90A82B99A22A00F4A028 /* WishListView.swift in Sources */,
				F709ED7F2B986AA100DAE8BE /* SearchAndFilterBar.swift in Sources */,
				F709ED842B98734A00DAE8BE /* ListingDetailView.swift in Sources */,
				F709ED5F2B985DDD00DAE8BE /* AirbnbApp.swift in Sources */,
				F7CA90AA2B99A3AA00F4A028 /* MainTabView.swift in Sources */,
				F7CA90B12B99D99100F4A028 /* DeveloperPreview.swift in Sources */,
				F7CA90B82B99EBCA00F4A028 /* ExploreService.swift in Sources */,
			);
			runOnlyForDeploymentPostprocessing = 0;
		};
/* End PBXSourcesBuildPhase section */

/* Begin XCBuildConfiguration section */
		F709ED672B985DE000DAE8BE /* Debug */ = {
			isa = XCBuildConfiguration;
			buildSettings = {
				ALWAYS_SEARCH_USER_PATHS = NO;
				ASSETCATALOG_COMPILER_GENERATE_SWIFT_ASSET_SYMBOL_EXTENSIONS = YES;
				CLANG_ANALYZER_NONNULL = YES;
				CLANG_ANALYZER_NUMBER_OBJECT_CONVERSION = YES_AGGRESSIVE;
				CLANG_CXX_LANGUAGE_STANDARD = "gnu++20";
				CLANG_ENABLE_MODULES = YES;
				CLANG_ENABLE_OBJC_ARC = YES;
				CLANG_ENABLE_OBJC_WEAK = YES;
				CLANG_WARN_BLOCK_CAPTURE_AUTORELEASING = YES;
				CLANG_WARN_BOOL_CONVERSION = YES;
				CLANG_WARN_COMMA = YES;
				CLANG_WARN_CONSTANT_CONVERSION = YES;
				CLANG_WARN_DEPRECATED_OBJC_IMPLEMENTATIONS = YES;
				CLANG_WARN_DIRECT_OBJC_ISA_USAGE = YES_ERROR;
				CLANG_WARN_DOCUMENTATION_COMMENTS = YES;
				CLANG_WARN_EMPTY_BODY = YES;
				CLANG_WARN_ENUM_CONVERSION = YES;
				CLANG_WARN_INFINITE_RECURSION = YES;
				CLANG_WARN_INT_CONVERSION = YES;
				CLANG_WARN_NON_LITERAL_NULL_CONVERSION = YES;
				CLANG_WARN_OBJC_IMPLICIT_RETAIN_SELF = YES;
				CLANG_WARN_OBJC_LITERAL_CONVERSION = YES;
				CLANG_WARN_OBJC_ROOT_CLASS = YES_ERROR;
				CLANG_WARN_QUOTED_INCLUDE_IN_FRAMEWORK_HEADER = YES;
				CLANG_WARN_RANGE_LOOP_ANALYSIS = YES;
				CLANG_WARN_STRICT_PROTOTYPES = YES;
				CLANG_WARN_SUSPICIOUS_MOVE = YES;
				CLANG_WARN_UNGUARDED_AVAILABILITY = YES_AGGRESSIVE;
				CLANG_WARN_UNREACHABLE_CODE = YES;
				CLANG_WARN__DUPLICATE_METHOD_MATCH = YES;
				COPY_PHASE_STRIP = NO;
				DEBUG_INFORMATION_FORMAT = dwarf;
				ENABLE_STRICT_OBJC_MSGSEND = YES;
				ENABLE_TESTABILITY = YES;
				ENABLE_USER_SCRIPT_SANDBOXING = YES;
				GCC_C_LANGUAGE_STANDARD = gnu17;
				GCC_DYNAMIC_NO_PIC = NO;
				GCC_NO_COMMON_BLOCKS = YES;
				GCC_OPTIMIZATION_LEVEL = 0;
				GCC_PREPROCESSOR_DEFINITIONS = (
					"DEBUG=1",
					"$(inherited)",
				);
				GCC_WARN_64_TO_32_BIT_CONVERSION = YES;
				GCC_WARN_ABOUT_RETURN_TYPE = YES_ERROR;
				GCC_WARN_UNDECLARED_SELECTOR = YES;
				GCC_WARN_UNINITIALIZED_AUTOS = YES_AGGRESSIVE;
				GCC_WARN_UNUSED_FUNCTION = YES;
				GCC_WARN_UNUSED_VARIABLE = YES;
				IPHONEOS_DEPLOYMENT_TARGET = 17.2;
				LOCALIZATION_PREFERS_STRING_CATALOGS = YES;
				MTL_ENABLE_DEBUG_INFO = INCLUDE_SOURCE;
				MTL_FAST_MATH = YES;
				ONLY_ACTIVE_ARCH = YES;
				SDKROOT = iphoneos;
				SWIFT_ACTIVE_COMPILATION_CONDITIONS = "DEBUG $(inherited)";
				SWIFT_OPTIMIZATION_LEVEL = "-Onone";
			};
			name = Debug;
		};
		F709ED682B985DE000DAE8BE /* Release */ = {
			isa = XCBuildConfiguration;
			buildSettings = {
				ALWAYS_SEARCH_USER_PATHS = NO;
				ASSETCATALOG_COMPILER_GENERATE_SWIFT_ASSET_SYMBOL_EXTENSIONS = YES;
				CLANG_ANALYZER_NONNULL = YES;
				CLANG_ANALYZER_NUMBER_OBJECT_CONVERSION = YES_AGGRESSIVE;
				CLANG_CXX_LANGUAGE_STANDARD = "gnu++20";
				CLANG_ENABLE_MODULES = YES;
				CLANG_ENABLE_OBJC_ARC = YES;
				CLANG_ENABLE_OBJC_WEAK = YES;
				CLANG_WARN_BLOCK_CAPTURE_AUTORELEASING = YES;
				CLANG_WARN_BOOL_CONVERSION = YES;
				CLANG_WARN_COMMA = YES;
				CLANG_WARN_CONSTANT_CONVERSION = YES;
				CLANG_WARN_DEPRECATED_OBJC_IMPLEMENTATIONS = YES;
				CLANG_WARN_DIRECT_OBJC_ISA_USAGE = YES_ERROR;
				CLANG_WARN_DOCUMENTATION_COMMENTS = YES;
				CLANG_WARN_EMPTY_BODY = YES;
				CLANG_WARN_ENUM_CONVERSION = YES;
				CLANG_WARN_INFINITE_RECURSION = YES;
				CLANG_WARN_INT_CONVERSION = YES;
				CLANG_WARN_NON_LITERAL_NULL_CONVERSION = YES;
				CLANG_WARN_OBJC_IMPLICIT_RETAIN_SELF = YES;
				CLANG_WARN_OBJC_LITERAL_CONVERSION = YES;
				CLANG_WARN_OBJC_ROOT_CLASS = YES_ERROR;
				CLANG_WARN_QUOTED_INCLUDE_IN_FRAMEWORK_HEADER = YES;
				CLANG_WARN_RANGE_LOOP_ANALYSIS = YES;
				CLANG_WARN_STRICT_PROTOTYPES = YES;
				CLANG_WARN_SUSPICIOUS_MOVE = YES;
				CLANG_WARN_UNGUARDED_AVAILABILITY = YES_AGGRESSIVE;
				CLANG_WARN_UNREACHABLE_CODE = YES;
				CLANG_WARN__DUPLICATE_METHOD_MATCH = YES;
				COPY_PHASE_STRIP = NO;
				DEBUG_INFORMATION_FORMAT = "dwarf-with-dsym";
				ENABLE_NS_ASSERTIONS = NO;
				ENABLE_STRICT_OBJC_MSGSEND = YES;
				ENABLE_USER_SCRIPT_SANDBOXING = YES;
				GCC_C_LANGUAGE_STANDARD = gnu17;
				GCC_NO_COMMON_BLOCKS = YES;
				GCC_WARN_64_TO_32_BIT_CONVERSION = YES;
				GCC_WARN_ABOUT_RETURN_TYPE = YES_ERROR;
				GCC_WARN_UNDECLARED_SELECTOR = YES;
				GCC_WARN_UNINITIALIZED_AUTOS = YES_AGGRESSIVE;
				GCC_WARN_UNUSED_FUNCTION = YES;
				GCC_WARN_UNUSED_VARIABLE = YES;
				IPHONEOS_DEPLOYMENT_TARGET = 17.2;
				LOCALIZATION_PREFERS_STRING_CATALOGS = YES;
				MTL_ENABLE_DEBUG_INFO = NO;
				MTL_FAST_MATH = YES;
				SDKROOT = iphoneos;
				SWIFT_COMPILATION_MODE = wholemodule;
				VALIDATE_PRODUCT = YES;
			};
			name = Release;
		};
		F709ED6A2B985DE000DAE8BE /* Debug */ = {
			isa = XCBuildConfiguration;
			buildSettings = {
				ASSETCATALOG_COMPILER_APPICON_NAME = AppIcon;
				ASSETCATALOG_COMPILER_GLOBAL_ACCENT_COLOR_NAME = AccentColor;
				CODE_SIGN_STYLE = Automatic;
				CURRENT_PROJECT_VERSION = 1;
				DEVELOPMENT_ASSET_PATHS = "\"Airbnb/Preview Content\"";
				DEVELOPMENT_TEAM = Q2XG7N243L;
				ENABLE_PREVIEWS = YES;
				GENERATE_INFOPLIST_FILE = YES;
				INFOPLIST_KEY_UIApplicationSceneManifest_Generation = YES;
				INFOPLIST_KEY_UIApplicationSupportsIndirectInputEvents = YES;
				INFOPLIST_KEY_UILaunchScreen_Generation = YES;
				INFOPLIST_KEY_UISupportedInterfaceOrientations_iPad = "UIInterfaceOrientationPortrait UIInterfaceOrientationPortraitUpsideDown UIInterfaceOrientationLandscapeLeft UIInterfaceOrientationLandscapeRight";
				INFOPLIST_KEY_UISupportedInterfaceOrientations_iPhone = "UIInterfaceOrientationPortrait UIInterfaceOrientationLandscapeLeft UIInterfaceOrientationLandscapeRight";
				LD_RUNPATH_SEARCH_PATHS = (
					"$(inherited)",
					"@executable_path/Frameworks",
				);
				MARKETING_VERSION = 1.0;
				PRODUCT_BUNDLE_IDENTIFIER = com.Airbnb;
				PRODUCT_NAME = "$(TARGET_NAME)";
				SWIFT_EMIT_LOC_STRINGS = YES;
				SWIFT_VERSION = 5.0;
				TARGETED_DEVICE_FAMILY = "1,2";
			};
			name = Debug;
		};
		F709ED6B2B985DE000DAE8BE /* Release */ = {
			isa = XCBuildConfiguration;
			buildSettings = {
				ASSETCATALOG_COMPILER_APPICON_NAME = AppIcon;
				ASSETCATALOG_COMPILER_GLOBAL_ACCENT_COLOR_NAME = AccentColor;
				CODE_SIGN_STYLE = Automatic;
				CURRENT_PROJECT_VERSION = 1;
				DEVELOPMENT_ASSET_PATHS = "\"Airbnb/Preview Content\"";
				DEVELOPMENT_TEAM = Q2XG7N243L;
				ENABLE_PREVIEWS = YES;
				GENERATE_INFOPLIST_FILE = YES;
				INFOPLIST_KEY_UIApplicationSceneManifest_Generation = YES;
				INFOPLIST_KEY_UIApplicationSupportsIndirectInputEvents = YES;
				INFOPLIST_KEY_UILaunchScreen_Generation = YES;
				INFOPLIST_KEY_UISupportedInterfaceOrientations_iPad = "UIInterfaceOrientationPortrait UIInterfaceOrientationPortraitUpsideDown UIInterfaceOrientationLandscapeLeft UIInterfaceOrientationLandscapeRight";
				INFOPLIST_KEY_UISupportedInterfaceOrientations_iPhone = "UIInterfaceOrientationPortrait UIInterfaceOrientationLandscapeLeft UIInterfaceOrientationLandscapeRight";
				LD_RUNPATH_SEARCH_PATHS = (
					"$(inherited)",
					"@executable_path/Frameworks",
				);
				MARKETING_VERSION = 1.0;
				PRODUCT_BUNDLE_IDENTIFIER = com.Airbnb;
				PRODUCT_NAME = "$(TARGET_NAME)";
				SWIFT_EMIT_LOC_STRINGS = YES;
				SWIFT_VERSION = 5.0;
				TARGETED_DEVICE_FAMILY = "1,2";
			};
			name = Release;
		};
/* End XCBuildConfiguration section */

/* Begin XCConfigurationList section */
		F709ED562B985DDD00DAE8BE /* Build configuration list for PBXProject "Airbnb" */ = {
			isa = XCConfigurationList;
			buildConfigurations = (
				F709ED672B985DE000DAE8BE /* Debug */,
				F709ED682B985DE000DAE8BE /* Release */,
			);
			defaultConfigurationIsVisible = 0;
			defaultConfigurationName = Release;
		};
		F709ED692B985DE000DAE8BE /* Build configuration list for PBXNativeTarget "Airbnb" */ = {
			isa = XCConfigurationList;
			buildConfigurations = (
				F709ED6A2B985DE000DAE8BE /* Debug */,
				F709ED6B2B985DE000DAE8BE /* Release */,
			);
			defaultConfigurationIsVisible = 0;
			defaultConfigurationName = Release;
		};
/* End XCConfigurationList section */
	};
	rootObject = F709ED532B985DDD00DAE8BE /* Project object */;
}
